
Microsoft Visual Studio Solution File, Format Version 12.00
# Visual Studio Version 17
VisualStudioVersion = 17.11.35222.181
MinimumVisualStudioVersion = 10.0.40219.1
Project("{FAE04EC0-301F-11D3-BF4B-00C04F79EFBC}") = "zad4", "zad4\zad4.csproj", "{7059CDD1-C1DC-4E0E-A61D-BE494BB9A8A9}"
EndProject
Global
	GlobalSection(SolutionConfigurationPlatforms) = preSolution
		Debug|Any CPU = Debug|Any CPU
		Release|Any CPU = Release|Any CPU
	EndGlobalSection
	GlobalSection(ProjectConfigurationPlatforms) = postSolution
		{7059CDD1-C1DC-4E0E-A61D-BE494BB9A8A9}.Debug|Any CPU.ActiveCfg = Debug|Any CPU
		{7059CDD1-C1DC-4E0E-A61D-BE494BB9A8A9}.Debug|Any CPU.Build.0 = Debug|Any CPU
		{7059CDD1-C1DC-4E0E-A61D-BE494BB9A8A9}.Release|Any CPU.ActiveCfg = Release|Any CPU
		{7059CDD1-C1DC-4E0E-A61D-BE494BB9A8A9}.Release|Any CPU.Build.0 = Release|Any CPU
	EndGlobalSection
	GlobalSection(SolutionProperties) = preSolution
		HideSolutionNode = FALSE
	EndGlobalSection
	GlobalSection(ExtensibilityGlobals) = postSolution
		SolutionGuid = {C15EEE2B-7F21-4F04-93A4-DF018EEC223E}
	EndGlobalSection
EndGlobal
